
Microsoft Visual Studio Solution File, Format Version 12.00
# Visual Studio 15
VisualStudioVersion = 15.0.27703.2035
MinimumVisualStudioVersion = 10.0.40219.1
Project("{8BC9CEB8-8B4A-11D0-8D11-00A0C91BC942}") = "找到大于目标的最小字母", "找到大于目标的最小字母\找到大于目标的最小字母.vcxproj", "{BEA8FA2E-ED28-4E98-AC6F-91B1A04CCBB3}"
EndProject
Project("{8BC9CEB8-8B4A-11D0-8D11-00A0C91BC942}") = "排序数组中的单个元素", "排序数组中的单个元素\排序数组中的单个元素.vcxproj", "{6145B03C-3C96-449F-AC0E-B050E8AA0F4C}"
EndProject
Project("{8BC9CEB8-8B4A-11D0-8D11-00A0C91BC942}") = "第一个坏版本", "第一个坏版本\第一个坏版本.vcxproj", "{5C841BE1-5270-45F7-95A0-DBDC50FC844C}"
EndProject
Project("{8BC9CEB8-8B4A-11D0-8D11-00A0C91BC942}") = "查找排序数组中的最小值", "查找排序数组中的最小值\查找排序数组中的最小值.vcxproj", "{BCEB7B3C-B524-4329-BAD2-0543EB620A3B}"
EndProject
Project("{8BC9CEB8-8B4A-11D0-8D11-00A0C91BC942}") = "添加括号的不同方法", "添加括号的不同方法\添加括号的不同方法.vcxproj", "{BBCE8DC9-1894-4262-BE12-3AC7C2675D9A}"
EndProject
Project("{8BC9CEB8-8B4A-11D0-8D11-00A0C91BC942}") = "字梯", "字梯\字梯.vcxproj", "{BAA94D86-F74A-415D-8FF4-8FDD869CFC6C}"
EndProject
Project("{8BC9CEB8-8B4A-11D0-8D11-00A0C91BC942}") = "查找最大连通面积", "查找最大连通面积\查找最大连通面积.vcxproj", "{2C25E7CB-E28F-4AF8-853D-2F8B2E09F9F9}"
EndProject
Project("{8BC9CEB8-8B4A-11D0-8D11-00A0C91BC942}") = "矩阵中的连通分量数目", "矩阵中的连通分量数目\矩阵中的连通分量数目.vcxproj", "{7A91F29F-1CE7-42F6-9248-D07632A4960E}"
EndProject
Project("{8BC9CEB8-8B4A-11D0-8D11-00A0C91BC942}") = "朋友圈子 547", "朋友圈子 547\朋友圈子 547.vcxproj", "{2F80300E-440C-4581-98E5-47A37661F123}"
EndProject
Global
	GlobalSection(SolutionConfigurationPlatforms) = preSolution
		Debug|x64 = Debug|x64
		Debug|x86 = Debug|x86
		Release|x64 = Release|x64
		Release|x86 = Release|x86
	EndGlobalSection
	GlobalSection(ProjectConfigurationPlatforms) = postSolution
		{BEA8FA2E-ED28-4E98-AC6F-91B1A04CCBB3}.Debug|x64.ActiveCfg = Debug|x64
		{BEA8FA2E-ED28-4E98-AC6F-91B1A04CCBB3}.Debug|x64.Build.0 = Debug|x64
		{BEA8FA2E-ED28-4E98-AC6F-91B1A04CCBB3}.Debug|x86.ActiveCfg = Debug|Win32
		{BEA8FA2E-ED28-4E98-AC6F-91B1A04CCBB3}.Debug|x86.Build.0 = Debug|Win32
		{BEA8FA2E-ED28-4E98-AC6F-91B1A04CCBB3}.Release|x64.ActiveCfg = Release|x64
		{BEA8FA2E-ED28-4E98-AC6F-91B1A04CCBB3}.Release|x64.Build.0 = Release|x64
		{BEA8FA2E-ED28-4E98-AC6F-91B1A04CCBB3}.Release|x86.ActiveCfg = Release|Win32
		{BEA8FA2E-ED28-4E98-AC6F-91B1A04CCBB3}.Release|x86.Build.0 = Release|Win32
		{6145B03C-3C96-449F-AC0E-B050E8AA0F4C}.Debug|x64.ActiveCfg = Debug|x64
		{6145B03C-3C96-449F-AC0E-B050E8AA0F4C}.Debug|x64.Build.0 = Debug|x64
		{6145B03C-3C96-449F-AC0E-B050E8AA0F4C}.Debug|x86.ActiveCfg = Debug|Win32
		{6145B03C-3C96-449F-AC0E-B050E8AA0F4C}.Debug|x86.Build.0 = Debug|Win32
		{6145B03C-3C96-449F-AC0E-B050E8AA0F4C}.Release|x64.ActiveCfg = Release|x64
		{6145B03C-3C96-449F-AC0E-B050E8AA0F4C}.Release|x64.Build.0 = Release|x64
		{6145B03C-3C96-449F-AC0E-B050E8AA0F4C}.Release|x86.ActiveCfg = Release|Win32
		{6145B03C-3C96-449F-AC0E-B050E8AA0F4C}.Release|x86.Build.0 = Release|Win32
		{5C841BE1-5270-45F7-95A0-DBDC50FC844C}.Debug|x64.ActiveCfg = Debug|x64
		{5C841BE1-5270-45F7-95A0-DBDC50FC844C}.Debug|x64.Build.0 = Debug|x64
		{5C841BE1-5270-45F7-95A0-DBDC50FC844C}.Debug|x86.ActiveCfg = Debug|Win32
		{5C841BE1-5270-45F7-95A0-DBDC50FC844C}.Debug|x86.Build.0 = Debug|Win32
		{5C841BE1-5270-45F7-95A0-DBDC50FC844C}.Release|x64.ActiveCfg = Release|x64
		{5C841BE1-5270-45F7-95A0-DBDC50FC844C}.Release|x64.Build.0 = Release|x64
		{5C841BE1-5270-45F7-95A0-DBDC50FC844C}.Release|x86.ActiveCfg = Release|Win32
		{5C841BE1-5270-45F7-95A0-DBDC50FC844C}.Release|x86.Build.0 = Release|Win32
		{BCEB7B3C-B524-4329-BAD2-0543EB620A3B}.Debug|x64.ActiveCfg = Debug|x64
		{BCEB7B3C-B524-4329-BAD2-0543EB620A3B}.Debug|x64.Build.0 = Debug|x64
		{BCEB7B3C-B524-4329-BAD2-0543EB620A3B}.Debug|x86.ActiveCfg = Debug|Win32
		{BCEB7B3C-B524-4329-BAD2-0543EB620A3B}.Debug|x86.Build.0 = Debug|Win32
		{BCEB7B3C-B524-4329-BAD2-0543EB620A3B}.Release|x64.ActiveCfg = Release|x64
		{BCEB7B3C-B524-4329-BAD2-0543EB620A3B}.Release|x64.Build.0 = Release|x64
		{BCEB7B3C-B524-4329-BAD2-0543EB620A3B}.Release|x86.ActiveCfg = Release|Win32
		{BCEB7B3C-B524-4329-BAD2-0543EB620A3B}.Release|x86.Build.0 = Release|Win32
		{BBCE8DC9-1894-4262-BE12-3AC7C2675D9A}.Debug|x64.ActiveCfg = Debug|x64
		{BBCE8DC9-1894-4262-BE12-3AC7C2675D9A}.Debug|x64.Build.0 = Debug|x64
		{BBCE8DC9-1894-4262-BE12-3AC7C2675D9A}.Debug|x86.ActiveCfg = Debug|Win32
		{BBCE8DC9-1894-4262-BE12-3AC7C2675D9A}.Debug|x86.Build.0 = Debug|Win32
		{BBCE8DC9-1894-4262-BE12-3AC7C2675D9A}.Release|x64.ActiveCfg = Release|x64
		{BBCE8DC9-1894-4262-BE12-3AC7C2675D9A}.Release|x64.Build.0 = Release|x64
		{BBCE8DC9-1894-4262-BE12-3AC7C2675D9A}.Release|x86.ActiveCfg = Release|Win32
		{BBCE8DC9-1894-4262-BE12-3AC7C2675D9A}.Release|x86.Build.0 = Release|Win32
		{BAA94D86-F74A-415D-8FF4-8FDD869CFC6C}.Debug|x64.ActiveCfg = Debug|x64
		{BAA94D86-F74A-415D-8FF4-8FDD869CFC6C}.Debug|x64.Build.0 = Debug|x64
		{BAA94D86-F74A-415D-8FF4-8FDD869CFC6C}.Debug|x86.ActiveCfg = Debug|Win32
		{BAA94D86-F74A-415D-8FF4-8FDD869CFC6C}.Debug|x86.Build.0 = Debug|Win32
		{BAA94D86-F74A-415D-8FF4-8FDD869CFC6C}.Release|x64.ActiveCfg = Release|x64
		{BAA94D86-F74A-415D-8FF4-8FDD869CFC6C}.Release|x64.Build.0 = Release|x64
		{BAA94D86-F74A-415D-8FF4-8FDD869CFC6C}.Release|x86.ActiveCfg = Release|Win32
		{BAA94D86-F74A-415D-8FF4-8FDD869CFC6C}.Release|x86.Build.0 = Release|Win32
		{2C25E7CB-E28F-4AF8-853D-2F8B2E09F9F9}.Debug|x64.ActiveCfg = Debug|x64
		{2C25E7CB-E28F-4AF8-853D-2F8B2E09F9F9}.Debug|x64.Build.0 = Debug|x64
		{2C25E7CB-E28F-4AF8-853D-2F8B2E09F9F9}.Debug|x86.ActiveCfg = Debug|Win32
		{2C25E7CB-E28F-4AF8-853D-2F8B2E09F9F9}.Debug|x86.Build.0 = Debug|Win32
		{2C25E7CB-E28F-4AF8-853D-2F8B2E09F9F9}.Release|x64.ActiveCfg = Release|x64
		{2C25E7CB-E28F-4AF8-853D-2F8B2E09F9F9}.Release|x64.Build.0 = Release|x64
		{2C25E7CB-E28F-4AF8-853D-2F8B2E09F9F9}.Release|x86.ActiveCfg = Release|Win32
		{2C25E7CB-E28F-4AF8-853D-2F8B2E09F9F9}.Release|x86.Build.0 = Release|Win32
		{7A91F29F-1CE7-42F6-9248-D07632A4960E}.Debug|x64.ActiveCfg = Debug|x64
		{7A91F29F-1CE7-42F6-9248-D07632A4960E}.Debug|x64.Build.0 = Debug|x64
		{7A91F29F-1CE7-42F6-9248-D07632A4960E}.Debug|x86.ActiveCfg = Debug|Win32
		{7A91F29F-1CE7-42F6-9248-D07632A4960E}.Debug|x86.Build.0 = Debug|Win32
		{7A91F29F-1CE7-42F6-9248-D07632A4960E}.Release|x64.ActiveCfg = Release|x64
		{7A91F29F-1CE7-42F6-9248-D07632A4960E}.Release|x64.Build.0 = Release|x64
		{7A91F29F-1CE7-42F6-9248-D07632A4960E}.Release|x86.ActiveCfg = Release|Win32
		{7A91F29F-1CE7-42F6-9248-D07632A4960E}.Release|x86.Build.0 = Release|Win32
		{2F80300E-440C-4581-98E5-47A37661F123}.Debug|x64.ActiveCfg = Debug|x64
		{2F80300E-440C-4581-98E5-47A37661F123}.Debug|x64.Build.0 = Debug|x64
		{2F80300E-440C-4581-98E5-47A37661F123}.Debug|x86.ActiveCfg = Debug|Win32
		{2F80300E-440C-4581-98E5-47A37661F123}.Debug|x86.Build.0 = Debug|Win32
		{2F80300E-440C-4581-98E5-47A37661F123}.Release|x64.ActiveCfg = Release|x64
		{2F80300E-440C-4581-98E5-47A37661F123}.Release|x64.Build.0 = Release|x64
		{2F80300E-440C-4581-98E5-47A37661F123}.Release|x86.ActiveCfg = Release|Win32
		{2F80300E-440C-4581-98E5-47A37661F123}.Release|x86.Build.0 = Release|Win32
	EndGlobalSection
	GlobalSection(SolutionProperties) = preSolution
		HideSolutionNode = FALSE
	EndGlobalSection
	GlobalSection(ExtensibilityGlobals) = postSolution
		SolutionGuid = {5E9BAC50-9D37-415D-8776-2A79327C825F}
	EndGlobalSection
EndGlobal
